{
    "_readme": [
        "This file locks the dependencies of your project to a known state",
        "Read more about it at https://getcomposer.org/doc/01-basic-usage.md#installing-dependencies",
        "This file is @generated automatically"
    ],
    "content-hash": "fb8b4c65b9eb2b158a7d72aa59825f27",
    "packages": [
        {
            "name": "barkgj/datasink-library",
            "version": "dev-main",
            "source": {
                "type": "git",
                "url": "https://github.com/barkgj/datasink-library.git",
                "reference": "36c025c2d1943b0789739fff832e2b739575e04c"
            },
            "dist": {
                "type": "zip",
                "url": "https://api.github.com/repos/barkgj/datasink-library/zipball/36c025c2d1943b0789739fff832e2b739575e04c",
                "reference": "36c025c2d1943b0789739fff832e2b739575e04c",
                "shasum": ""
            },
            "require": {
                "barkgj/functions-library": "dev-main",
                "php": ">=7.4"
            },
            "default-branch": true,
            "type": "library",
            "autoload": {
                "psr-4": {
                    "barkgj\\functions-library\\": "src/"
                }
            },
            "notification-url": "https://packagist.org/downloads/",
            "description": "A PHP library to CRUD entities, urls and apis",
            "support": {
                "issues": "https://github.com/barkgj/datasink-library/issues",
                "source": "https://github.com/barkgj/datasink-library/tree/main"
            },
            "time": "2023-01-12T10:41:10+00:00"
        },
        {
            "name": "barkgj/functions-library",
            "version": "dev-main",
            "source": {
                "type": "git",
                "url": "https://github.com/barkgj/functions-library.git",
                "reference": "89c4c6aed6d1ef30016aa63e786e634ae683f13b"
            },
            "dist": {
                "type": "zip",
                "url": "https://api.github.com/repos/barkgj/functions-library/zipball/89c4c6aed6d1ef30016aa63e786e634ae683f13b",
                "reference": "89c4c6aed6d1ef30016aa63e786e634ae683f13b",
                "shasum": ""
            },
            "require": {
                "php": ">=7.4"
            },
            "default-branch": true,
            "type": "library",
            "autoload": {
                "psr-4": {
                    "barkgj\\": "src/"
                }
            },
            "notification-url": "https://packagist.org/downloads/",
            "description": "Set of basic functions used by other barkgj projects",
            "support": {
                "issues": "https://github.com/barkgj/functions-library/issues",
                "source": "https://github.com/barkgj/functions-library/tree/main"
            },
            "time": "2023-01-12T12:41:23+00:00"
        }
    ],
    "packages-dev": [],
    "aliases": [],
    "minimum-stability": "stable",
    "stability-flags": {
        "barkgj/functions-library": 20,
        "barkgj/datasink-library": 20
    },
    "prefer-stable": false,
    "prefer-lowest": false,
    "platform": {
        "php": ">=7.4"
    },
    "platform-dev": [],
    "plugin-api-version": "2.3.0"
}
